
Microsoft Visual Studio Solution File, Format Version 12.00
# Visual Studio 15
VisualStudioVersion = 15.0.27130.2010
MinimumVisualStudioVersion = 10.0.40219.1
Project("{FAE04EC0-301F-11D3-BF4B-00C04F79EFBC}") = "SeaBattle", "SeaBattle\SeaBattle.csproj", "{9514E6C2-E5B4-4424-B88C-0DEC6F9081C2}"
EndProject
Project("{FAE04EC0-301F-11D3-BF4B-00C04F79EFBC}") = "Server", "Server\Server.csproj", "{80121EAC-3D15-4F20-A7FE-921E109A4471}"
EndProject
Global
	GlobalSection(SolutionConfigurationPlatforms) = preSolution
		Debug|Any CPU = Debug|Any CPU
		Release|Any CPU = Release|Any CPU
	EndGlobalSection
	GlobalSection(ProjectConfigurationPlatforms) = postSolution
		{9514E6C2-E5B4-4424-B88C-0DEC6F9081C2}.Debug|Any CPU.ActiveCfg = Debug|Any CPU
		{9514E6C2-E5B4-4424-B88C-0DEC6F9081C2}.Debug|Any CPU.Build.0 = Debug|Any CPU
		{9514E6C2-E5B4-4424-B88C-0DEC6F9081C2}.Release|Any CPU.ActiveCfg = Release|Any CPU
		{9514E6C2-E5B4-4424-B88C-0DEC6F9081C2}.Release|Any CPU.Build.0 = Release|Any CPU
		{80121EAC-3D15-4F20-A7FE-921E109A4471}.Debug|Any CPU.ActiveCfg = Debug|Any CPU
		{80121EAC-3D15-4F20-A7FE-921E109A4471}.Debug|Any CPU.Build.0 = Debug|Any CPU
		{80121EAC-3D15-4F20-A7FE-921E109A4471}.Release|Any CPU.ActiveCfg = Release|Any CPU
		{80121EAC-3D15-4F20-A7FE-921E109A4471}.Release|Any CPU.Build.0 = Release|Any CPU
	EndGlobalSection
	GlobalSection(SolutionProperties) = preSolution
		HideSolutionNode = FALSE
	EndGlobalSection
	GlobalSection(ExtensibilityGlobals) = postSolution
		SolutionGuid = {8CB35A83-293B-4162-A15E-40A27F28ED6F}
	EndGlobalSection
EndGlobal
